# This file is automatically @generated by Cargo.
# It is not intended for manual editing.
version = 3

[[package]]
name = "ggsci"
version = "0.2.0"

[[package]]
name = "ggsci-ggsql"
version = "0.1.0"
dependencies = [
 "ggsci",
]

[[package]]
name = "ggsci-ratatui"
version = "0.1.0"

[[package]]
name = "xtask"
version = "0.1.0"
